// !$*UTF8*$!
{
	archiveVersion = 1;
	classes = {
	};
	objectVersion = 46;
	objects = {

/* Begin PBXBuildFile section */
		181F3D191B1756F800D2B854 /* main.m in Sources */ = {isa = PBXBuildFile; fileRef = 181F3D181B1756F800D2B854 /* main.m */; };
		181F3D1C1B1756F800D2B854 /* AppDelegate.m in Sources */ = {isa = PBXBuildFile; fileRef = 181F3D1B1B1756F800D2B854 /* AppDelegate.m */; };
		181F3D1F1B1756F800D2B854 /* ViewController.m in Sources */ = {isa = PBXBuildFile; fileRef = 181F3D1E1B1756F800D2B854 /* ViewController.m */; };
		181F3D221B1756F800D2B854 /* Main.storyboard in Resources */ = {isa = PBXBuildFile; fileRef = 181F3D201B1756F800D2B854 /* Main.storyboard */; };
		181F3D241B1756F800D2B854 /* Images.xcassets in Resources */ = {isa = PBXBuildFile; fileRef = 181F3D231B1756F800D2B854 /* Images.xcassets */; };
		181F3D271B1756F800D2B854 /* LaunchScreen.xib in Resources */ = {isa = PBXBuildFile; fileRef = 181F3D251B1756F800D2B854 /* LaunchScreen.xib */; };
		181F3D331B1756F800D2B854 /* LeeInvationViewTests.m in Sources */ = {isa = PBXBuildFile; fileRef = 181F3D321B1756F800D2B854 /* LeeInvationViewTests.m */; };
		181F3D3E1B17573800D2B854 /* ZSDSetPasswordView.m in Sources */ = {isa = PBXBuildFile; fileRef = 181F3D3D1B17573800D2B854 /* ZSDSetPasswordView.m */; };
/* End PBXBuildFile section */

/* Begin PBXContainerItemProxy section */
		181F3D2D1B1756F800D2B854 /* PBXContainerItemProxy */ = {
			isa = PBXContainerItemProxy;
			containerPortal = 181F3D0B1B1756F800D2B854 /* Project object */;
			proxyType = 1;
			remoteGlobalIDString = 181F3D121B1756F800D2B854;
			remoteInfo = LeeInvationView;
		};
/* End PBXContainerItemProxy section */

/* Begin PBXFileReference section */
		181F3D131B1756F800D2B854 /* LeeInvationView.app */ = {isa = PBXFileReference; explicitFileType = wrapper.application; includeInIndex = 0; path = LeeInvationView.app; sourceTree = BUILT_PRODUCTS_DIR; };
		181F3D171B1756F800D2B854 /* Info.plist */ = {isa = PBXFileReference; lastKnownFileType = text.plist.xml; path = Info.plist; sourceTree = "<group>"; };
		181F3D181B1756F800D2B854 /* main.m */ = {isa = PBXFileReference; lastKnownFileType = sourcecode.c.objc; path = main.m; sourceTree = "<group>"; };
		181F3D1A1B1756F800D2B854 /* AppDelegate.h */ = {isa = PBXFileReference; lastKnownFileType = sourcecode.c.h; path = AppDelegate.h; sourceTree = "<group>"; };
		181F3D1B1B1756F800D2B854 /* AppDelegate.m */ = {isa = PBXFileReference; lastKnownFileType = sourcecode.c.objc; path = AppDelegate.m; sourceTree = "<group>"; };
		181F3D1D1B1756F800D2B854 /* ViewController.h */ = {isa = PBXFileReference; lastKnownFileType = sourcecode.c.h; path = ViewController.h; sourceTree = "<group>"; };
		181F3D1E1B1756F800D2B854 /* ViewController.m */ = {isa = PBXFileReference; lastKnownFileType = sourcecode.c.objc; path = ViewController.m; sourceTree = "<group>"; };
		181F3D211B1756F800D2B854 /* Base */ = {isa = PBXFileReference; lastKnownFileType = file.storyboard; name = Base; path = Base.lproj/Main.storyboard; sourceTree = "<group>"; };
		181F3D231B1756F800D2B854 /* Images.xcassets */ = {isa = PBXFileReference; lastKnownFileType = folder.assetcatalog; path = Images.xcassets; sourceTree = "<group>"; };
		181F3D261B1756F800D2B854 /* Base */ = {isa = PBXFileReference; lastKnownFileType = file.xib; name = Base; path = Base.lproj/LaunchScreen.xib; sourceTree = "<group>"; };
		181F3D2C1B1756F800D2B854 /* LeeInvationViewTests.xctest */ = {isa = PBXFileReference; explicitFileType = wrapper.cfbundle; includeInIndex = 0; path = LeeInvationViewTests.xctest; sourceTree = BUILT_PRODUCTS_DIR; };
		181F3D311B1756F800D2B854 /* Info.plist */ = {isa = PBXFileReference; lastKnownFileType = text.plist.xml; path = Info.plist; sourceTree = "<group>"; };
		181F3D321B1756F800D2B854 /* LeeInvationViewTests.m */ = {isa = PBXFileReference; lastKnownFileType = sourcecode.c.objc; path = LeeInvationViewTests.m; sourceTree = "<group>"; };
		181F3D3C1B17573800D2B854 /* ZSDSetPasswordView.h */ = {isa = PBXFileReference; fileEncoding = 4; lastKnownFileType = sourcecode.c.h; path = ZSDSetPasswordView.h; sourceTree = "<group>"; };
		181F3D3D1B17573800D2B854 /* ZSDSetPasswordView.m */ = {isa = PBXFileReference; fileEncoding = 4; lastKnownFileType = sourcecode.c.objc; path = ZSDSetPasswordView.m; sourceTree = "<group>"; };
/* End PBXFileReference section */

/* Begin PBXFrameworksBuildPhase section */
		181F3D101B1756F800D2B854 /* Frameworks */ = {
			isa = PBXFrameworksBuildPhase;
			buildActionMask = 2147483647;
			files = (
			);
			runOnlyForDeploymentPostprocessing = 0;
		};
		181F3D291B1756F800D2B854 /* Frameworks */ = {
			isa = PBXFrameworksBuildPhase;
			buildActionMask = 2147483647;
			files = (
			);
			runOnlyForDeploymentPostprocessing = 0;
		};
/* End PBXFrameworksBuildPhase section */

/* Begin PBXGroup section */
		181F3D0A1B1756F800D2B854 = {
			isa = PBXGroup;
			children = (
				181F3D151B1756F800D2B854 /* LeeInvationView */,
				181F3D2F1B1756F800D2B854 /* LeeInvationViewTests */,
				181F3D141B1756F800D2B854 /* Products */,
			);
			sourceTree = "<group>";
		};
		181F3D141B1756F800D2B854 /* Products */ = {
			isa = PBXGroup;
			children = (
				181F3D131B1756F800D2B854 /* LeeInvationView.app */,
				181F3D2C1B1756F800D2B854 /* LeeInvationViewTests.xctest */,
			);
			name = Products;
			sourceTree = "<group>";
		};
		181F3D151B1756F800D2B854 /* LeeInvationView */ = {
			isa = PBXGroup;
			children = (
				181F3D1A1B1756F800D2B854 /* AppDelegate.h */,
				181F3D1B1B1756F800D2B854 /* AppDelegate.m */,
				181F3D3C1B17573800D2B854 /* ZSDSetPasswordView.h */,
				181F3D3D1B17573800D2B854 /* ZSDSetPasswordView.m */,
				181F3D1D1B1756F800D2B854 /* ViewController.h */,
				181F3D1E1B1756F800D2B854 /* ViewController.m */,
				181F3D201B1756F800D2B854 /* Main.storyboard */,
				181F3D231B1756F800D2B854 /* Images.xcassets */,
				181F3D251B1756F800D2B854 /* LaunchScreen.xib */,
				181F3D161B1756F800D2B854 /* Supporting Files */,
			);
			path = LeeInvationView;
			sourceTree = "<group>";
		};
		181F3D161B1756F800D2B854 /* Supporting Files */ = {
			isa = PBXGroup;
			children = (
				181F3D171B1756F800D2B854 /* Info.plist */,
				181F3D181B1756F800D2B854 /* main.m */,
			);
			name = "Supporting Files";
			sourceTree = "<group>";
		};
		181F3D2F1B1756F800D2B854 /* LeeInvationViewTests */ = {
			isa = PBXGroup;
			children = (
				181F3D321B1756F800D2B854 /* LeeInvationViewTests.m */,
				181F3D301B1756F800D2B854 /* Supporting Files */,
			);
			path = LeeInvationViewTests;
			sourceTree = "<group>";
		};
		181F3D301B1756F800D2B854 /* Supporting Files */ = {
			isa = PBXGroup;
			children = (
				181F3D311B1756F800D2B854 /* Info.plist */,
			);
			name = "Supporting Files";
			sourceTree = "<group>";
		};
/* End PBXGroup section */

/* Begin PBXNativeTarget section */
		181F3D121B1756F800D2B854 /* LeeInvationView */ = {
			isa = PBXNativeTarget;
			buildConfigurationList = 181F3D361B1756F800D2B854 /* Build configuration list for PBXNativeTarget "LeeInvationView" */;
			buildPhases = (
				181F3D0F1B1756F800D2B854 /* Sources */,
				181F3D101B1756F800D2B854 /* Frameworks */,
				181F3D111B1756F800D2B854 /* Resources */,
			);
			buildRules = (
			);
			dependencies = (
			);
			name = LeeInvationView;
			productName = LeeInvationView;
			productReference = 181F3D131B1756F800D2B854 /* LeeInvationView.app */;
			productType = "com.apple.product-type.application";
		};
		181F3D2B1B1756F800D2B854 /* LeeInvationViewTests */ = {
			isa = PBXNativeTarget;
			buildConfigurationList = 181F3D391B1756F800D2B854 /* Build configuration list for PBXNativeTarget "LeeInvationViewTests" */;
			buildPhases = (
				181F3D281B1756F800D2B854 /* Sources */,
				181F3D291B1756F800D2B854 /* Frameworks */,
				181F3D2A1B1756F800D2B854 /* Resources */,
			);
			buildRules = (
			);
			dependencies = (
				181F3D2E1B1756F800D2B854 /* PBXTargetDependency */,
			);
			name = LeeInvationViewTests;
			productName = LeeInvationViewTests;
			productReference = 181F3D2C1B1756F800D2B854 /* LeeInvationViewTests.xctest */;
			productType = "com.apple.product-type.bundle.unit-test";
		};
/* End PBXNativeTarget section */

/* Begin PBXProject section */
		181F3D0B1B1756F800D2B854 /* Project object */ = {
			isa = PBXProject;
			attributes = {
				LastUpgradeCheck = 0610;
				ORGANIZATIONNAME = yuanjilee;
				TargetAttributes = {
					181F3D121B1756F800D2B854 = {
						CreatedOnToolsVersion = 6.1.1;
					};
					181F3D2B1B1756F800D2B854 = {
						CreatedOnToolsVersion = 6.1.1;
						TestTargetID = 181F3D121B1756F800D2B854;
					};
				};
			};
			buildConfigurationList = 181F3D0E1B1756F800D2B854 /* Build configuration list for PBXProject "LeeInvationView" */;
			compatibilityVersion = "Xcode 3.2";
			developmentRegion = English;
			hasScannedForEncodings = 0;
			knownRegions = (
				en,
				Base,
			);
			mainGroup = 181F3D0A1B1756F800D2B854;
			productRefGroup = 181F3D141B1756F800D2B854 /* Products */;
			projectDirPath = "";
			projectRoot = "";
			targets = (
				181F3D121B1756F800D2B854 /* LeeInvationView */,
				181F3D2B1B1756F800D2B854 /* LeeInvationViewTests */,
			);
		};
/* End PBXProject section */

/* Begin PBXResourcesBuildPhase section */
		181F3D111B1756F800D2B854 /* Resources */ = {
			isa = PBXResourcesBuildPhase;
			buildActionMask = 2147483647;
			files = (
				181F3D221B1756F800D2B854 /* Main.storyboard in Resources */,
				181F3D271B1756F800D2B854 /* LaunchScreen.xib in Resources */,
				181F3D241B1756F800D2B854 /* Images.xcassets in Resources */,
			);
			runOnlyForDeploymentPostprocessing = 0;
		};
		181F3D2A1B1756F800D2B854 /* Resources */ = {
			isa = PBXResourcesBuildPhase;
			buildActionMask = 2147483647;
			files = (
			);
			runOnlyForDeploymentPostprocessing = 0;
		};
/* End PBXResourcesBuildPhase section */

/* Begin PBXSourcesBuildPhase section */
		181F3D0F1B1756F800D2B854 /* Sources */ = {
			isa = PBXSourcesBuildPhase;
			buildActionMask = 2147483647;
			files = (
				181F3D1F1B1756F800D2B854 /* ViewController.m in Sources */,
				181F3D1C1B1756F800D2B854 /* AppDelegate.m in Sources */,
				181F3D3E1B17573800D2B854 /* ZSDSetPasswordView.m in Sources */,
				181F3D191B1756F800D2B854 /* main.m in Sources */,
			);
			runOnlyForDeploymentPostprocessing = 0;
		};
		181F3D281B1756F800D2B854 /* Sources */ = {
			isa = PBXSourcesBuildPhase;
			buildActionMask = 2147483647;
			files = (
				181F3D331B1756F800D2B854 /* LeeInvationViewTests.m in Sources */,
			);
			runOnlyForDeploymentPostprocessing = 0;
		};
/* End PBXSourcesBuildPhase section */

/* Begin PBXTargetDependency section */
		181F3D2E1B1756F800D2B854 /* PBXTargetDependency */ = {
			isa = PBXTargetDependency;
			target = 181F3D121B1756F800D2B854 /* LeeInvationView */;
			targetProxy = 181F3D2D1B1756F800D2B854 /* PBXContainerItemProxy */;
		};
/* End PBXTargetDependency section */

/* Begin PBXVariantGroup section */
		181F3D201B1756F800D2B854 /* Main.storyboard */ = {
			isa = PBXVariantGroup;
			children = (
				181F3D211B1756F800D2B854 /* Base */,
			);
			name = Main.storyboard;
			sourceTree = "<group>";
		};
		181F3D251B1756F800D2B854 /* LaunchScreen.xib */ = {
			isa = PBXVariantGroup;
			children = (
				181F3D261B1756F800D2B854 /* Base */,
			);
			name = LaunchScreen.xib;
			sourceTree = "<group>";
		};
/* End PBXVariantGroup section */

/* Begin XCBuildConfiguration section */
		181F3D341B1756F800D2B854 /* Debug */ = {
			isa = XCBuildConfiguration;
			buildSettings = {
				ALWAYS_SEARCH_USER_PATHS = NO;
				CLANG_CXX_LANGUAGE_STANDARD = "gnu++0x";
				CLANG_CXX_LIBRARY = "libc++";
				CLANG_ENABLE_MODULES = YES;
				CLANG_ENABLE_OBJC_ARC = YES;
				CLANG_WARN_BOOL_CONVERSION = YES;
				CLANG_WARN_CONSTANT_CONVERSION = YES;
				CLANG_WARN_DIRECT_OBJC_ISA_USAGE = YES_ERROR;
				CLANG_WARN_EMPTY_BODY = YES;
				CLANG_WARN_ENUM_CONVERSION = YES;
				CLANG_WARN_INT_CONVERSION = YES;
				CLANG_WARN_OBJC_ROOT_CLASS = YES_ERROR;
				CLANG_WARN_UNREACHABLE_CODE = YES;
				CLANG_WARN__DUPLICATE_METHOD_MATCH = YES;
				"CODE_SIGN_IDENTITY[sdk=iphoneos*]" = "iPhone Developer";
				COPY_PHASE_STRIP = NO;
				ENABLE_STRICT_OBJC_MSGSEND = YES;
				GCC_C_LANGUAGE_STANDARD = gnu99;
				GCC_DYNAMIC_NO_PIC = NO;
				GCC_OPTIMIZATION_LEVEL = 0;
				GCC_PREPROCESSOR_DEFINITIONS = (
					"DEBUG=1",
					"$(inherited)",
				);
				GCC_SYMBOLS_PRIVATE_EXTERN = NO;
				GCC_WARN_64_TO_32_BIT_CONVERSION = YES;
				GCC_WARN_ABOUT_RETURN_TYPE = YES_ERROR;
				GCC_WARN_UNDECLARED_SELECTOR = YES;
				GCC_WARN_UNINITIALIZED_AUTOS = YES_AGGRESSIVE;
				GCC_WARN_UNUSED_FUNCTION = YES;
				GCC_WARN_UNUSED_VARIABLE = YES;
				IPHONEOS_DEPLOYMENT_TARGET = 8.1;
				MTL_ENABLE_DEBUG_INFO = YES;
				ONLY_ACTIVE_ARCH = YES;
				SDKROOT = iphoneos;
			};
			name = Debug;
		};
		181F3D351B1756F800D2B854 /* Release */ = {
			isa = XCBuildConfiguration;
			buildSettings = {
				ALWAYS_SEARCH_USER_PATHS = NO;
				CLANG_CXX_LANGUAGE_STANDARD = "gnu++0x";
				CLANG_CXX_LIBRARY = "libc++";
				CLANG_ENABLE_MODULES = YES;
				CLANG_ENABLE_OBJC_ARC = YES;
				CLANG_WARN_BOOL_CONVERSION = YES;
				CLANG_WARN_CONSTANT_CONVERSION = YES;
				CLANG_WARN_DIRECT_OBJC_ISA_USAGE = YES_ERROR;
				CLANG_WARN_EMPTY_BODY = YES;
				CLANG_WARN_ENUM_CONVERSION = YES;
				CLANG_WARN_INT_CONVERSION = YES;
				CLANG_WARN_OBJC_ROOT_CLASS = YES_ERROR;
				CLANG_WARN_UNREACHABLE_CODE = YES;
				CLANG_WARN__DUPLICATE_METHOD_MATCH = YES;
				"CODE_SIGN_IDENTITY[sdk=iphoneos*]" = "iPhone Developer";
				COPY_PHASE_STRIP = YES;
				ENABLE_NS_ASSERTIONS = NO;
				ENABLE_STRICT_OBJC_MSGSEND = YES;
				GCC_C_LANGUAGE_STANDARD = gnu99;
				GCC_WARN_64_TO_32_BIT_CONVERSION = YES;
				GCC_WARN_ABOUT_RETURN_TYPE = YES_ERROR;
				GCC_WARN_UNDECLARED_SELECTOR = YES;
				GCC_WARN_UNINITIALIZED_AUTOS = YES_AGGRESSIVE;
				GCC_WARN_UNUSED_FUNCTION = YES;
				GCC_WARN_UNUSED_VARIABLE = YES;
				IPHONEOS_DEPLOYMENT_TARGET = 8.1;
				MTL_ENABLE_DEBUG_INFO = NO;
				SDKROOT = iphoneos;
				VALIDATE_PRODUCT = YES;
			};
			name = Release;
		};
		181F3D371B1756F800D2B854 /* Debug */ = {
			isa = XCBuildConfiguration;
			buildSettings = {
				ASSETCATALOG_COMPILER_APPICON_NAME = AppIcon;
				INFOPLIST_FILE = LeeInvationView/Info.plist;
				LD_RUNPATH_SEARCH_PATHS = "$(inherited) @executable_path/Frameworks";
				PRODUCT_NAME = "$(TARGET_NAME)";
			};
			name = Debug;
		};
		181F3D381B1756F800D2B854 /* Release */ = {
			isa = XCBuildConfiguration;
			buildSettings = {
				ASSETCATALOG_COMPILER_APPICON_NAME = AppIcon;
				INFOPLIST_FILE = LeeInvationView/Info.plist;
				LD_RUNPATH_SEARCH_PATHS = "$(inherited) @executable_path/Frameworks";
				PRODUCT_NAME = "$(TARGET_NAME)";
			};
			name = Release;
		};
		181F3D3A1B1756F800D2B854 /* Debug */ = {
			isa = XCBuildConfiguration;
			buildSettings = {
				BUNDLE_LOADER = "$(TEST_HOST)";
				FRAMEWORK_SEARCH_PATHS = (
					"$(SDKROOT)/Developer/Library/Frameworks",
					"$(inherited)",
				);
				GCC_PREPROCESSOR_DEFINITIONS = (
					"DEBUG=1",
					"$(inherited)",
				);
				INFOPLIST_FILE = LeeInvationViewTests/Info.plist;
				LD_RUNPATH_SEARCH_PATHS = "$(inherited) @executable_path/Frameworks @loader_path/Frameworks";
				PRODUCT_NAME = "$(TARGET_NAME)";
				TEST_HOST = "$(BUILT_PRODUCTS_DIR)/LeeInvationView.app/LeeInvationView";
			};
			name = Debug;
		};
		181F3D3B1B1756F800D2B854 /* Release */ = {
			isa = XCBuildConfiguration;
			buildSettings = {
				BUNDLE_LOADER = "$(TEST_HOST)";
				FRAMEWORK_SEARCH_PATHS = (
					"$(SDKROOT)/Developer/Library/Frameworks",
					"$(inherited)",
				);
				INFOPLIST_FILE = LeeInvationViewTests/Info.plist;
				LD_RUNPATH_SEARCH_PATHS = "$(inherited) @executable_path/Frameworks @loader_path/Frameworks";
				PRODUCT_NAME = "$(TARGET_NAME)";
				TEST_HOST = "$(BUILT_PRODUCTS_DIR)/LeeInvationView.app/LeeInvationView";
			};
			name = Release;
		};
/* End XCBuildConfiguration section */

/* Begin XCConfigurationList section */
		181F3D0E1B1756F800D2B854 /* Build configuration list for PBXProject "LeeInvationView" */ = {
			isa = XCConfigurationList;
			buildConfigurations = (
				181F3D341B1756F800D2B854 /* Debug */,
				181F3D351B1756F800D2B854 /* Release */,
			);
			defaultConfigurationIsVisible = 0;
			defaultConfigurationName = Release;
		};
		181F3D361B1756F800D2B854 /* Build configuration list for PBXNativeTarget "LeeInvationView" */ = {
			isa = XCConfigurationList;
			buildConfigurations = (
				181F3D371B1756F800D2B854 /* Debug */,
				181F3D381B1756F800D2B854 /* Release */,
			);
			defaultConfigurationIsVisible = 0;
		};
		181F3D391B1756F800D2B854 /* Build configuration list for PBXNativeTarget "LeeInvationViewTests" */ = {
			isa = XCConfigurationList;
			buildConfigurations = (
				181F3D3A1B1756F800D2B854 /* Debug */,
				181F3D3B1B1756F800D2B854 /* Release */,
			);
			defaultConfigurationIsVisible = 0;
		};
/* End XCConfigurationList section */
	};
	rootObject = 181F3D0B1B1756F800D2B854 /* Project object */;
}
